
Microsoft Visual Studio Solution File, Format Version 12.00
# Visual Studio Version 16
VisualStudioVersion = 16.0.30413.136
MinimumVisualStudioVersion = 10.0.40219.1
Project("{FAE04EC0-301F-11D3-BF4B-00C04F79EFBC}") = "Participation1_FirstWPFApp", "Participation1_FirstWPFApp\Participation1_FirstWPFApp.csproj", "{B580C646-83B6-413F-8B9E-DC983D19797A}"
EndProject
Global
	GlobalSection(SolutionConfigurationPlatforms) = preSolution
		Debug|Any CPU = Debug|Any CPU
		Release|Any CPU = Release|Any CPU
	EndGlobalSection
	GlobalSection(ProjectConfigurationPlatforms) = postSolution
		{B580C646-83B6-413F-8B9E-DC983D19797A}.Debug|Any CPU.ActiveCfg = Debug|Any CPU
		{B580C646-83B6-413F-8B9E-DC983D19797A}.Debug|Any CPU.Build.0 = Debug|Any CPU
		{B580C646-83B6-413F-8B9E-DC983D19797A}.Release|Any CPU.ActiveCfg = Release|Any CPU
		{B580C646-83B6-413F-8B9E-DC983D19797A}.Release|Any CPU.Build.0 = Release|Any CPU
	EndGlobalSection
	GlobalSection(SolutionProperties) = preSolution
		HideSolutionNode = FALSE
	EndGlobalSection
	GlobalSection(ExtensibilityGlobals) = postSolution
		SolutionGuid = {F23BD60D-AB1E-463F-9FC7-8D39D424C880}
	EndGlobalSection
EndGlobal
